
Microsoft Visual Studio Solution File, Format Version 12.00
# Visual Studio Version 16
VisualStudioVersion = 16.0.28803.452
MinimumVisualStudioVersion = 10.0.40219.1
Project("{FAE04EC0-301F-11D3-BF4B-00C04F79EFBC}") = "Kasyno", "Kasyno\Kasyno.csproj", "{315BFF9F-F05B-449F-ABB6-7200AC9D5644}"
EndProject
Project("{FAE04EC0-301F-11D3-BF4B-00C04F79EFBC}") = "UnitTestKasyno", "UnitTestKasyno\UnitTestKasyno.csproj", "{836CD58D-DC34-44C8-914A-792B2F6C670B}"
EndProject
Global
	GlobalSection(SolutionConfigurationPlatforms) = preSolution
		Debug|Any CPU = Debug|Any CPU
		Release|Any CPU = Release|Any CPU
	EndGlobalSection
	GlobalSection(ProjectConfigurationPlatforms) = postSolution
		{315BFF9F-F05B-449F-ABB6-7200AC9D5644}.Debug|Any CPU.ActiveCfg = Debug|Any CPU
		{315BFF9F-F05B-449F-ABB6-7200AC9D5644}.Debug|Any CPU.Build.0 = Debug|Any CPU
		{315BFF9F-F05B-449F-ABB6-7200AC9D5644}.Release|Any CPU.ActiveCfg = Release|Any CPU
		{315BFF9F-F05B-449F-ABB6-7200AC9D5644}.Release|Any CPU.Build.0 = Release|Any CPU
		{836CD58D-DC34-44C8-914A-792B2F6C670B}.Debug|Any CPU.ActiveCfg = Debug|Any CPU
		{836CD58D-DC34-44C8-914A-792B2F6C670B}.Debug|Any CPU.Build.0 = Debug|Any CPU
		{836CD58D-DC34-44C8-914A-792B2F6C670B}.Release|Any CPU.ActiveCfg = Release|Any CPU
		{836CD58D-DC34-44C8-914A-792B2F6C670B}.Release|Any CPU.Build.0 = Release|Any CPU
	EndGlobalSection
	GlobalSection(SolutionProperties) = preSolution
		HideSolutionNode = FALSE
	EndGlobalSection
	GlobalSection(ExtensibilityGlobals) = postSolution
		SolutionGuid = {81228C28-CB4B-4C98-ACE0-76B7A1655437}
	EndGlobalSection
EndGlobal
